
Microsoft Visual Studio Solution File, Format Version 12.00
# Visual Studio Version 17
VisualStudioVersion = 17.13.35931.197 d17.13
MinimumVisualStudioVersion = 10.0.40219.1
Project("{FAE04EC0-301F-11D3-BF4B-00C04F79EFBC}") = "Rent-A-Car", "Rent-A-Car\Rent-A-Car.csproj", "{5A515F11-8F3B-465D-86D8-65031167D576}"
EndProject
Global
	GlobalSection(SolutionConfigurationPlatforms) = preSolution
		Debug|Any CPU = Debug|Any CPU
		Release|Any CPU = Release|Any CPU
	EndGlobalSection
	GlobalSection(ProjectConfigurationPlatforms) = postSolution
		{5A515F11-8F3B-465D-86D8-65031167D576}.Debug|Any CPU.ActiveCfg = Debug|Any CPU
		{5A515F11-8F3B-465D-86D8-65031167D576}.Debug|Any CPU.Build.0 = Debug|Any CPU
		{5A515F11-8F3B-465D-86D8-65031167D576}.Release|Any CPU.ActiveCfg = Release|Any CPU
		{5A515F11-8F3B-465D-86D8-65031167D576}.Release|Any CPU.Build.0 = Release|Any CPU
	EndGlobalSection
	GlobalSection(SolutionProperties) = preSolution
		HideSolutionNode = FALSE
	EndGlobalSection
	GlobalSection(ExtensibilityGlobals) = postSolution
		SolutionGuid = {748D78BD-40B3-4440-8118-FA937BF092FD}
	EndGlobalSection
EndGlobal
